[[package]]
name = "pillow"
version = "12.1.0"
description = "Python Imaging Library (fork)"
category = "main"
optional = false
python-versions = ">=3.10"

[package.extras]
docs = ["furo", "olefile", "sphinx (>=8.2)", "sphinx-autobuild", "sphinx-copybutton", "sphinx-inline-tabs", "sphinxext-opengraph"]
fpx = ["olefile"]
mic = ["olefile"]
test-arrow = ["arro3-compute", "arro3-core", "nanoarrow", "pyarrow"]
tests = ["check-manifest", "coverage (>=7.4.2)", "defusedxml", "markdown2", "olefile", "packaging", "pyroma (>=5)", "pytest", "pytest-cov", "pytest-timeout", "pytest-xdist", "trove-classifiers (>=2024.10.12)"]
xmp = ["defusedxml"]

[[package]]
name = "PyMuPDF"
version = "1.26.7"
description = "A high performance Python library for data extraction, analysis, conversion & manipulation of PDF (and other) documents."
category = "main"
optional = false
python-versions = ">=3.10"

[package.source]
type = "url"
url = "https://github.com/pymupdf/PyMuPDF/archive/refs/tags/1.26.7.tar.gz"

[metadata]
lock-version = "1.1"
python-versions = "^3.10"
content-hash = "b1f7335c12311cc6deb7ccfc335c959f25724efd8cf250440f58f84632673741"

[metadata.files]
pillow = []
PyMuPDF = []
